
Microsoft Visual Studio Solution File, Format Version 12.00
# Visual Studio 2017
Project("{FAE04EC0-301F-11D3-BF4B-00C04F79EFBC}") = "LidarSimulator", "LidarSimulator.csproj", "{15B5402A-B7ED-1E13-0CDD-E514A4E9544B}"
EndProject
Project("{FAE04EC0-301F-11D3-BF4B-00C04F79EFBC}") = "LidarSimulator.Editor", "LidarSimulator.Editor.csproj", "{267CB752-9B26-8C1F-4878-238F4005BD27}"
EndProject
Global
	GlobalSection(SolutionConfigurationPlatforms) = preSolution
		Debug|Any CPU = Debug|Any CPU
		Release|Any CPU = Release|Any CPU
	EndGlobalSection
	GlobalSection(ProjectConfigurationPlatforms) = postSolution
		{15B5402A-B7ED-1E13-0CDD-E514A4E9544B}.Debug|Any CPU.ActiveCfg = Debug|Any CPU
		{15B5402A-B7ED-1E13-0CDD-E514A4E9544B}.Debug|Any CPU.Build.0 = Debug|Any CPU
		{15B5402A-B7ED-1E13-0CDD-E514A4E9544B}.Release|Any CPU.ActiveCfg = Release|Any CPU
		{15B5402A-B7ED-1E13-0CDD-E514A4E9544B}.Release|Any CPU.Build.0 = Release|Any CPU
		{267CB752-9B26-8C1F-4878-238F4005BD27}.Debug|Any CPU.ActiveCfg = Debug|Any CPU
		{267CB752-9B26-8C1F-4878-238F4005BD27}.Debug|Any CPU.Build.0 = Debug|Any CPU
		{267CB752-9B26-8C1F-4878-238F4005BD27}.Release|Any CPU.ActiveCfg = Release|Any CPU
		{267CB752-9B26-8C1F-4878-238F4005BD27}.Release|Any CPU.Build.0 = Release|Any CPU
	EndGlobalSection
	GlobalSection(SolutionProperties) = preSolution
		HideSolutionNode = FALSE
	EndGlobalSection
EndGlobal
